
Microsoft Visual Studio Solution File, Format Version 12.00
# Visual Studio Version 17
VisualStudioVersion = 17.0.32112.339
MinimumVisualStudioVersion = 10.0.40219.1
Project("{FAE04EC0-301F-11D3-BF4B-00C04F79EFBC}") = "PCA.Extended.Api", "PCA.Extended.Api\PCA.Extended.Api.csproj", "{20C91426-0DFB-4696-869C-2378684350B4}"
EndProject
Global
	GlobalSection(SolutionConfigurationPlatforms) = preSolution
		Debug|Any CPU = Debug|Any CPU
		Release|Any CPU = Release|Any CPU
	EndGlobalSection
	GlobalSection(ProjectConfigurationPlatforms) = postSolution
		{20C91426-0DFB-4696-869C-2378684350B4}.Debug|Any CPU.ActiveCfg = Debug|Any CPU
		{20C91426-0DFB-4696-869C-2378684350B4}.Debug|Any CPU.Build.0 = Debug|Any CPU
		{20C91426-0DFB-4696-869C-2378684350B4}.Release|Any CPU.ActiveCfg = Release|Any CPU
		{20C91426-0DFB-4696-869C-2378684350B4}.Release|Any CPU.Build.0 = Release|Any CPU
	EndGlobalSection
	GlobalSection(SolutionProperties) = preSolution
		HideSolutionNode = FALSE
	EndGlobalSection
	GlobalSection(ExtensibilityGlobals) = postSolution
		SolutionGuid = {3321A9FA-9D85-4C63-A733-99329106002F}
	EndGlobalSection
EndGlobal
